{
  "name": "default",
  "lockfileVersion": 3,
  "requires": true,
  "packages": {
    "": {
      "dependencies": {
        "@types/lodash": "^4.17.7",
        "@types/screeps": "^3.3.8"
      }
    },
    "node_modules/@types/lodash": {
      "version": "4.17.7",
      "resolved": "https://registry.npmjs.org/@types/lodash/-/lodash-4.17.7.tgz",
      "integrity": "sha512-8wTvZawATi/lsmNu10/j2hk1KEP0IvjubqPE3cu1Xz7xfXXt5oCq3SNUz4fMIP4XGF9Ky+Ue2tBA3hcS7LSBlA==",
      "license": "MIT"
    },
    "node_modules/@types/screeps": {
      "version": "3.3.8",
      "resolved": "https://registry.npmjs.org/@types/screeps/-/screeps-3.3.8.tgz",
      "integrity": "sha512-PlZRi5l0RaYNI67BgH4AUxhPeK9fKOyPNdFOVYiT66Olj1RtTjEaPY/REUNTSFKREczKM4oeLuVebJh6uorxzw==",
      "license": "MIT"
    }
  }
}
